
Microsoft Visual Studio Solution File, Format Version 12.00
Project("{FAE04EC0-301F-11D3-BF4B-00C04F79EFBC}") = "Entities", "Entities\Entities.csproj", "{F2D95F8B-DDCD-46B2-9092-1F88A3EE59B5}"
EndProject
Project("{FAE04EC0-301F-11D3-BF4B-00C04F79EFBC}") = "DataAccess", "DataAccess\DataAccess.csproj", "{8A1A2524-0F4F-43CC-A209-0BF41401A99D}"
EndProject
Project("{FAE04EC0-301F-11D3-BF4B-00C04F79EFBC}") = "Business", "Business\Business.csproj", "{6AE3DF4D-D578-419C-B241-31B1D0EBDDC8}"
EndProject
Project("{FAE04EC0-301F-11D3-BF4B-00C04F79EFBC}") = "Core", "Core\Core.csproj", "{0553DD35-892D-4833-A565-513F62482EBA}"
EndProject
Project("{FAE04EC0-301F-11D3-BF4B-00C04F79EFBC}") = "WebAPI", "WebAPI\WebAPI.csproj", "{3600F651-4381-4F97-A46B-D817ECF9EA24}"
EndProject
Global
	GlobalSection(SolutionConfigurationPlatforms) = preSolution
		Debug|Any CPU = Debug|Any CPU
		Release|Any CPU = Release|Any CPU
	EndGlobalSection
	GlobalSection(ProjectConfigurationPlatforms) = postSolution
		{F2D95F8B-DDCD-46B2-9092-1F88A3EE59B5}.Debug|Any CPU.ActiveCfg = Debug|Any CPU
		{F2D95F8B-DDCD-46B2-9092-1F88A3EE59B5}.Debug|Any CPU.Build.0 = Debug|Any CPU
		{F2D95F8B-DDCD-46B2-9092-1F88A3EE59B5}.Release|Any CPU.ActiveCfg = Release|Any CPU
		{F2D95F8B-DDCD-46B2-9092-1F88A3EE59B5}.Release|Any CPU.Build.0 = Release|Any CPU
		{8A1A2524-0F4F-43CC-A209-0BF41401A99D}.Debug|Any CPU.ActiveCfg = Debug|Any CPU
		{8A1A2524-0F4F-43CC-A209-0BF41401A99D}.Debug|Any CPU.Build.0 = Debug|Any CPU
		{8A1A2524-0F4F-43CC-A209-0BF41401A99D}.Release|Any CPU.ActiveCfg = Release|Any CPU
		{8A1A2524-0F4F-43CC-A209-0BF41401A99D}.Release|Any CPU.Build.0 = Release|Any CPU
		{6AE3DF4D-D578-419C-B241-31B1D0EBDDC8}.Debug|Any CPU.ActiveCfg = Debug|Any CPU
		{6AE3DF4D-D578-419C-B241-31B1D0EBDDC8}.Debug|Any CPU.Build.0 = Debug|Any CPU
		{6AE3DF4D-D578-419C-B241-31B1D0EBDDC8}.Release|Any CPU.ActiveCfg = Release|Any CPU
		{6AE3DF4D-D578-419C-B241-31B1D0EBDDC8}.Release|Any CPU.Build.0 = Release|Any CPU
		{0553DD35-892D-4833-A565-513F62482EBA}.Debug|Any CPU.ActiveCfg = Debug|Any CPU
		{0553DD35-892D-4833-A565-513F62482EBA}.Debug|Any CPU.Build.0 = Debug|Any CPU
		{0553DD35-892D-4833-A565-513F62482EBA}.Release|Any CPU.ActiveCfg = Release|Any CPU
		{0553DD35-892D-4833-A565-513F62482EBA}.Release|Any CPU.Build.0 = Release|Any CPU
		{3600F651-4381-4F97-A46B-D817ECF9EA24}.Debug|Any CPU.ActiveCfg = Debug|Any CPU
		{3600F651-4381-4F97-A46B-D817ECF9EA24}.Debug|Any CPU.Build.0 = Debug|Any CPU
		{3600F651-4381-4F97-A46B-D817ECF9EA24}.Release|Any CPU.ActiveCfg = Release|Any CPU
		{3600F651-4381-4F97-A46B-D817ECF9EA24}.Release|Any CPU.Build.0 = Release|Any CPU
	EndGlobalSection
EndGlobal
